// !$*UTF8*$!
{
	archiveVersion = 1;
	classes = {
	};
	objectVersion = 46;
	objects = {

/* Begin PBXBuildFile section */
		00E356F31AD99517003FC87E /* alnativeTests.m in Sources */ = {isa = PBXBuildFile; fileRef = 00E356F21AD99517003FC87E /* alnativeTests.m */; };
		13B07FBC1A68108700A75B9A /* AppDelegate.m in Sources */ = {isa = PBXBuildFile; fileRef = 13B07FB01A68108700A75B9A /* AppDelegate.m */; };
		13B07FBD1A68108700A75B9A /* LaunchScreen.xib in Resources */ = {isa = PBXBuildFile; fileRef = 13B07FB11A68108700A75B9A /* LaunchScreen.xib */; };
		13B07FBF1A68108700A75B9A /* Images.xcassets in Resources */ = {isa = PBXBuildFile; fileRef = 13B07FB51A68108700A75B9A /* Images.xcassets */; };
		13B07FC11A68108700A75B9A /* main.m in Sources */ = {isa = PBXBuildFile; fileRef = 13B07FB71A68108700A75B9A /* main.m */; };
		2D02E4BC1E0B4A80006451C7 /* AppDelegate.m in Sources */ = {isa = PBXBuildFile; fileRef = 13B07FB01A68108700A75B9A /* AppDelegate.m */; };
		2D02E4BD1E0B4A84006451C7 /* Images.xcassets in Resources */ = {isa = PBXBuildFile; fileRef = 13B07FB51A68108700A75B9A /* Images.xcassets */; };
		2D02E4BF1E0B4AB3006451C7 /* main.m in Sources */ = {isa = PBXBuildFile; fileRef = 13B07FB71A68108700A75B9A /* main.m */; };
		2DCD954D1E0B4F2C00145EB5 /* alnativeTests.m in Sources */ = {isa = PBXBuildFile; fileRef = 00E356F21AD99517003FC87E /* alnativeTests.m */; };
		631E637641AE3503C80272AB /* libPods-alnative-tvOS.a in Frameworks */ = {isa = PBXBuildFile; fileRef = 6AD93050980DBB0582E949C4 /* libPods-alnative-tvOS.a */; };
		B88146502A938910B295B100 /* libPods-alnative-alnativeTests.a in Frameworks */ = {isa = PBXBuildFile; fileRef = 5D100DDA564F35E394CA66A3 /* libPods-alnative-alnativeTests.a */; };
		DBCC5A5D68302571BFC9B9EA /* libPods-alnative-tvOSTests.a in Frameworks */ = {isa = PBXBuildFile; fileRef = 76F18403015BC78D20E4A942 /* libPods-alnative-tvOSTests.a */; };
		DFA5C0A9419E04D42FAE666F /* libPods-alnative.a in Frameworks */ = {isa = PBXBuildFile; fileRef = 396BFB06AE9E651C7ADA8BCC /* libPods-alnative.a */; };
		2338479464A8409AADB3798F /* CircularStd-Black.svg in Resources */ = {isa = PBXBuildFile; fileRef = 52B1B4FF0CC944679CD0DEC3 /* CircularStd-Black.svg */; };
		8C38408BEB854841828EC786 /* CircularStd-BlackItalic.svg in Resources */ = {isa = PBXBuildFile; fileRef = F908B978473C41088CC4F767 /* CircularStd-BlackItalic.svg */; };
		9CB9A73762AD455BB2B8F85A /* CircularStd-Bold.svg in Resources */ = {isa = PBXBuildFile; fileRef = 52601F20AE944A14B1768746 /* CircularStd-Bold.svg */; };
		0DD83ED091E14EFE9606FDE8 /* CircularStd-BoldItalic.svg in Resources */ = {isa = PBXBuildFile; fileRef = B91CE0A3F782465E9D1E4637 /* CircularStd-BoldItalic.svg */; };
		3003C14438AC4D5AB9B669D4 /* CircularStd-Book.svg in Resources */ = {isa = PBXBuildFile; fileRef = 9932A9D5C86E40CBBA60B2F2 /* CircularStd-Book.svg */; };
		F196DD6A516F424B848BB894 /* CircularStd-BookItalic.svg in Resources */ = {isa = PBXBuildFile; fileRef = 55FE48654092467BB850F34A /* CircularStd-BookItalic.svg */; };
		71AD0AC0FF2B4920A5DF11B3 /* CircularStd-Medium.svg in Resources */ = {isa = PBXBuildFile; fileRef = F6F46DA03DCE48F0AB4ED477 /* CircularStd-Medium.svg */; };
		2B52EE1372844B77938B03E0 /* CircularStd-MediumItalic.svg in Resources */ = {isa = PBXBuildFile; fileRef = 019412C43DE94F0CA332A954 /* CircularStd-MediumItalic.svg */; };
		B45FA9E3F46C49C28619BE33 /* CircularStd-Black.otf in Resources */ = {isa = PBXBuildFile; fileRef = 5291467B6BAA4033911B78EA /* CircularStd-Black.otf */; };
		3417414D9DE44770A0474526 /* CircularStd-Black.ttf in Resources */ = {isa = PBXBuildFile; fileRef = EE85F4B601CA4596B718F469 /* CircularStd-Black.ttf */; };
		95DFB2462E0143C8B61FA3AA /* CircularStd-Black.woff in Resources */ = {isa = PBXBuildFile; fileRef = 8B2BDC3C38AC4EBE8BD25539 /* CircularStd-Black.woff */; };
		B187E10F618045239B3624DB /* CircularStd-Black.woff2 in Resources */ = {isa = PBXBuildFile; fileRef = BD077CEC701143F6BEAE9CA5 /* CircularStd-Black.woff2 */; };
		C5D7683CACB8428A929974AC /* CircularStd-BlackItalic.otf in Resources */ = {isa = PBXBuildFile; fileRef = 6DE4EC0F4D0A4F6D9F5333B6 /* CircularStd-BlackItalic.otf */; };
		98C0E15F04DA48F9A7B985DC /* CircularStd-BlackItalic.ttf in Resources */ = {isa = PBXBuildFile; fileRef = 08D096B2917F4896B12E4A7F /* CircularStd-BlackItalic.ttf */; };
		26733ECE7A8D4C28B2068CB4 /* CircularStd-BlackItalic.woff in Resources */ = {isa = PBXBuildFile; fileRef = 123F2A1226F7492E93A2E03C /* CircularStd-BlackItalic.woff */; };
		766D374BE52D401CB26476FD /* CircularStd-BlackItalic.woff2 in Resources */ = {isa = PBXBuildFile; fileRef = 4021E5FA930B4838AFE572BD /* CircularStd-BlackItalic.woff2 */; };
		238B42C787DA41E2B704EBCC /* CircularStd-Bold.otf in Resources */ = {isa = PBXBuildFile; fileRef = E2B595550F8A440B965C6275 /* CircularStd-Bold.otf */; };
		4F3CCA512AA34CA593754C30 /* CircularStd-Bold.ttf in Resources */ = {isa = PBXBuildFile; fileRef = F4B0D33C4BAA4230B5E2A419 /* CircularStd-Bold.ttf */; };
		D55F584869A444C5A9E9C5B3 /* CircularStd-Bold.woff in Resources */ = {isa = PBXBuildFile; fileRef = 26D9FB793A3946C191B24C09 /* CircularStd-Bold.woff */; };
		CF442D7C26BF49C78389B0E6 /* CircularStd-Bold.woff2 in Resources */ = {isa = PBXBuildFile; fileRef = D176D39E62D04C2AA23EF303 /* CircularStd-Bold.woff2 */; };
		EB1AABAE98DE4E259E2B31CD /* CircularStd-BoldItalic.otf in Resources */ = {isa = PBXBuildFile; fileRef = 116ACA98E9D34A4F99EB15BE /* CircularStd-BoldItalic.otf */; };
		298009C91ACF488DBF39C092 /* CircularStd-BoldItalic.ttf in Resources */ = {isa = PBXBuildFile; fileRef = AA689277A1204CE9A80CE6EE /* CircularStd-BoldItalic.ttf */; };
		7F9A94513A564291838A1A1E /* CircularStd-BoldItalic.woff in Resources */ = {isa = PBXBuildFile; fileRef = FC1D20BC1F95403BA187C18C /* CircularStd-BoldItalic.woff */; };
		47127BBF3778480F8E83646D /* CircularStd-BoldItalic.woff2 in Resources */ = {isa = PBXBuildFile; fileRef = D6BCB776809E4799AE92754A /* CircularStd-BoldItalic.woff2 */; };
		48BEC3941BF84D9BAEDB21C9 /* CircularStd-Book.otf in Resources */ = {isa = PBXBuildFile; fileRef = 58F84710C2294D289A369C2C /* CircularStd-Book.otf */; };
		458EBF4FEDE24636A3BF121F /* CircularStd-Book.ttf in Resources */ = {isa = PBXBuildFile; fileRef = A3140272880F4BFF9D448C09 /* CircularStd-Book.ttf */; };
		B6FBFF41267E47878BFE8F8E /* CircularStd-Book.woff in Resources */ = {isa = PBXBuildFile; fileRef = 6FEF9C5FF5FD4531A8177D78 /* CircularStd-Book.woff */; };
		24CD8FF1EC054E3FA76A0395 /* CircularStd-Book.woff2 in Resources */ = {isa = PBXBuildFile; fileRef = 303EE3A89E764A2AB542B78D /* CircularStd-Book.woff2 */; };
		63B4ED4B467C421F8EE7F572 /* CircularStd-BookItalic.otf in Resources */ = {isa = PBXBuildFile; fileRef = 3C273CBC027E4B6EB566F907 /* CircularStd-BookItalic.otf */; };
		96A90F71BBD8487EA81D1A49 /* CircularStd-BookItalic.ttf in Resources */ = {isa = PBXBuildFile; fileRef = 7DD4311724B145DEB161185E /* CircularStd-BookItalic.ttf */; };
		7A17C0501BCC4AE3A4202995 /* CircularStd-BookItalic.woff in Resources */ = {isa = PBXBuildFile; fileRef = 854B993A65F84DFA9E001DBD /* CircularStd-BookItalic.woff */; };
		DBAD35371CEF446C8FB05133 /* CircularStd-BookItalic.woff2 in Resources */ = {isa = PBXBuildFile; fileRef = 399131673E1D40EDA061DD6B /* CircularStd-BookItalic.woff2 */; };
		3EA172427BAE4AF08E907A76 /* CircularStd-Medium.otf in Resources */ = {isa = PBXBuildFile; fileRef = E4436B9E8B914E67BD544B7A /* CircularStd-Medium.otf */; };
		8043E9190EC44C34BF11D01E /* CircularStd-Medium.ttf in Resources */ = {isa = PBXBuildFile; fileRef = B7980006AF414A84B8A133C5 /* CircularStd-Medium.ttf */; };
		957210004B994CC890162035 /* CircularStd-Medium.woff in Resources */ = {isa = PBXBuildFile; fileRef = 4921AACC1F5740528E8C4813 /* CircularStd-Medium.woff */; };
		11E2017114084E5AAA680D9B /* CircularStd-Medium.woff2 in Resources */ = {isa = PBXBuildFile; fileRef = F41C8C3635FB4325BFF8A50F /* CircularStd-Medium.woff2 */; };
		672DADE12FA34121B989F64C /* CircularStd-MediumItalic.otf in Resources */ = {isa = PBXBuildFile; fileRef = 8E56267E9AA54B08AC03D8FA /* CircularStd-MediumItalic.otf */; };
		CAC19146A10E476EBDF8AC3C /* CircularStd-MediumItalic.ttf in Resources */ = {isa = PBXBuildFile; fileRef = 81BEBD9C63084851A18B3552 /* CircularStd-MediumItalic.ttf */; };
		1269EF3AF78645389EB927A9 /* CircularStd-MediumItalic.woff in Resources */ = {isa = PBXBuildFile; fileRef = 3AB12775CED744F39D1395C7 /* CircularStd-MediumItalic.woff */; };
		2287C906BC154CA581A75D2A /* CircularStd-MediumItalic.woff2 in Resources */ = {isa = PBXBuildFile; fileRef = BD62C91608EB4492B02F2607 /* CircularStd-MediumItalic.woff2 */; };
/* End PBXBuildFile section */

/* Begin PBXContainerItemProxy section */
		00E356F41AD99517003FC87E /* PBXContainerItemProxy */ = {
			isa = PBXContainerItemProxy;
			containerPortal = 83CBB9F71A601CBA00E9B192 /* Project object */;
			proxyType = 1;
			remoteGlobalIDString = 13B07F861A680F5B00A75B9A;
			remoteInfo = alnative;
		};
		2D02E4911E0B4A5D006451C7 /* PBXContainerItemProxy */ = {
			isa = PBXContainerItemProxy;
			containerPortal = 83CBB9F71A601CBA00E9B192 /* Project object */;
			proxyType = 1;
			remoteGlobalIDString = 2D02E47A1E0B4A5D006451C7;
			remoteInfo = "alnative-tvOS";
		};
/* End PBXContainerItemProxy section */

/* Begin PBXFileReference section */
		008F07F21AC5B25A0029DE68 /* main.jsbundle */ = {isa = PBXFileReference; fileEncoding = 4; lastKnownFileType = text; path = main.jsbundle; sourceTree = "<group>"; };
		00E356EE1AD99517003FC87E /* alnativeTests.xctest */ = {isa = PBXFileReference; explicitFileType = wrapper.cfbundle; includeInIndex = 0; path = alnativeTests.xctest; sourceTree = BUILT_PRODUCTS_DIR; };
		00E356F11AD99517003FC87E /* Info.plist */ = {isa = PBXFileReference; lastKnownFileType = text.plist.xml; path = Info.plist; sourceTree = "<group>"; };
		00E356F21AD99517003FC87E /* alnativeTests.m */ = {isa = PBXFileReference; lastKnownFileType = sourcecode.c.objc; path = alnativeTests.m; sourceTree = "<group>"; };
		13B07F961A680F5B00A75B9A /* alnative.app */ = {isa = PBXFileReference; explicitFileType = wrapper.application; includeInIndex = 0; path = alnative.app; sourceTree = BUILT_PRODUCTS_DIR; };
		13B07FAF1A68108700A75B9A /* AppDelegate.h */ = {isa = PBXFileReference; fileEncoding = 4; lastKnownFileType = sourcecode.c.h; name = AppDelegate.h; path = alnative/AppDelegate.h; sourceTree = "<group>"; };
		13B07FB01A68108700A75B9A /* AppDelegate.m */ = {isa = PBXFileReference; fileEncoding = 4; lastKnownFileType = sourcecode.c.objc; name = AppDelegate.m; path = alnative/AppDelegate.m; sourceTree = "<group>"; };
		13B07FB21A68108700A75B9A /* Base */ = {isa = PBXFileReference; lastKnownFileType = file.xib; name = Base; path = Base.lproj/LaunchScreen.xib; sourceTree = "<group>"; };
		13B07FB51A68108700A75B9A /* Images.xcassets */ = {isa = PBXFileReference; lastKnownFileType = folder.assetcatalog; name = Images.xcassets; path = alnative/Images.xcassets; sourceTree = "<group>"; };
		13B07FB61A68108700A75B9A /* Info.plist */ = {isa = PBXFileReference; fileEncoding = 4; lastKnownFileType = text.plist.xml; name = Info.plist; path = alnative/Info.plist; sourceTree = "<group>"; };
		13B07FB71A68108700A75B9A /* main.m */ = {isa = PBXFileReference; fileEncoding = 4; lastKnownFileType = sourcecode.c.objc; name = main.m; path = alnative/main.m; sourceTree = "<group>"; };
		1DB7D124BD3B24131CC675B0 /* Pods-alnative-alnativeTests.release.xcconfig */ = {isa = PBXFileReference; includeInIndex = 1; lastKnownFileType = text.xcconfig; name = "Pods-alnative-alnativeTests.release.xcconfig"; path = "Target Support Files/Pods-alnative-alnativeTests/Pods-alnative-alnativeTests.release.xcconfig"; sourceTree = "<group>"; };
		2D02E47B1E0B4A5D006451C7 /* alnative-tvOS.app */ = {isa = PBXFileReference; explicitFileType = wrapper.application; includeInIndex = 0; path = "alnative-tvOS.app"; sourceTree = BUILT_PRODUCTS_DIR; };
		2D02E4901E0B4A5D006451C7 /* alnative-tvOSTests.xctest */ = {isa = PBXFileReference; explicitFileType = wrapper.cfbundle; includeInIndex = 0; path = "alnative-tvOSTests.xctest"; sourceTree = BUILT_PRODUCTS_DIR; };
		2F9530285CBACA6F05E9E586 /* Pods-alnative-tvOS.release.xcconfig */ = {isa = PBXFileReference; includeInIndex = 1; lastKnownFileType = text.xcconfig; name = "Pods-alnative-tvOS.release.xcconfig"; path = "Target Support Files/Pods-alnative-tvOS/Pods-alnative-tvOS.release.xcconfig"; sourceTree = "<group>"; };
		396BFB06AE9E651C7ADA8BCC /* libPods-alnative.a */ = {isa = PBXFileReference; explicitFileType = archive.ar; includeInIndex = 0; path = "libPods-alnative.a"; sourceTree = BUILT_PRODUCTS_DIR; };
		5D100DDA564F35E394CA66A3 /* libPods-alnative-alnativeTests.a */ = {isa = PBXFileReference; explicitFileType = archive.ar; includeInIndex = 0; path = "libPods-alnative-alnativeTests.a"; sourceTree = BUILT_PRODUCTS_DIR; };
		6AD93050980DBB0582E949C4 /* libPods-alnative-tvOS.a */ = {isa = PBXFileReference; explicitFileType = archive.ar; includeInIndex = 0; path = "libPods-alnative-tvOS.a"; sourceTree = BUILT_PRODUCTS_DIR; };
		76F18403015BC78D20E4A942 /* libPods-alnative-tvOSTests.a */ = {isa = PBXFileReference; explicitFileType = archive.ar; includeInIndex = 0; path = "libPods-alnative-tvOSTests.a"; sourceTree = BUILT_PRODUCTS_DIR; };
		85454418489238B92BCE9865 /* Pods-alnative-alnativeTests.debug.xcconfig */ = {isa = PBXFileReference; includeInIndex = 1; lastKnownFileType = text.xcconfig; name = "Pods-alnative-alnativeTests.debug.xcconfig"; path = "Target Support Files/Pods-alnative-alnativeTests/Pods-alnative-alnativeTests.debug.xcconfig"; sourceTree = "<group>"; };
		94268704D6CAD006633B830B /* Pods-alnative.debug.xcconfig */ = {isa = PBXFileReference; includeInIndex = 1; lastKnownFileType = text.xcconfig; name = "Pods-alnative.debug.xcconfig"; path = "Target Support Files/Pods-alnative/Pods-alnative.debug.xcconfig"; sourceTree = "<group>"; };
		989BA24AF4D825086DE76B0A /* Pods-alnative-tvOS.debug.xcconfig */ = {isa = PBXFileReference; includeInIndex = 1; lastKnownFileType = text.xcconfig; name = "Pods-alnative-tvOS.debug.xcconfig"; path = "Target Support Files/Pods-alnative-tvOS/Pods-alnative-tvOS.debug.xcconfig"; sourceTree = "<group>"; };
		AA074BFF332E1123916FDB1E /* Pods-alnative.release.xcconfig */ = {isa = PBXFileReference; includeInIndex = 1; lastKnownFileType = text.xcconfig; name = "Pods-alnative.release.xcconfig"; path = "Target Support Files/Pods-alnative/Pods-alnative.release.xcconfig"; sourceTree = "<group>"; };
		BEA56E4DE9A6514987F24F14 /* Pods-alnative-tvOSTests.debug.xcconfig */ = {isa = PBXFileReference; includeInIndex = 1; lastKnownFileType = text.xcconfig; name = "Pods-alnative-tvOSTests.debug.xcconfig"; path = "Target Support Files/Pods-alnative-tvOSTests/Pods-alnative-tvOSTests.debug.xcconfig"; sourceTree = "<group>"; };
		ED297162215061F000B7C4FE /* JavaScriptCore.framework */ = {isa = PBXFileReference; lastKnownFileType = wrapper.framework; name = JavaScriptCore.framework; path = System/Library/Frameworks/JavaScriptCore.framework; sourceTree = SDKROOT; };
		ED2971642150620600B7C4FE /* JavaScriptCore.framework */ = {isa = PBXFileReference; lastKnownFileType = wrapper.framework; name = JavaScriptCore.framework; path = Platforms/AppleTVOS.platform/Developer/SDKs/AppleTVOS12.0.sdk/System/Library/Frameworks/JavaScriptCore.framework; sourceTree = DEVELOPER_DIR; };
		F1326F68EF7BF8010F9D9B0A /* Pods-alnative-tvOSTests.release.xcconfig */ = {isa = PBXFileReference; includeInIndex = 1; lastKnownFileType = text.xcconfig; name = "Pods-alnative-tvOSTests.release.xcconfig"; path = "Target Support Files/Pods-alnative-tvOSTests/Pods-alnative-tvOSTests.release.xcconfig"; sourceTree = "<group>"; };
		52B1B4FF0CC944679CD0DEC3 /* CircularStd-Black.svg */ = {isa = PBXFileReference; name = "CircularStd-Black.svg"; path = "../assets/fonts/CircularStd-Black.svg"; sourceTree = "<group>"; fileEncoding = undefined; lastKnownFileType = unknown; explicitFileType = undefined; includeInIndex = 0; };
		F908B978473C41088CC4F767 /* CircularStd-BlackItalic.svg */ = {isa = PBXFileReference; name = "CircularStd-BlackItalic.svg"; path = "../assets/fonts/CircularStd-BlackItalic.svg"; sourceTree = "<group>"; fileEncoding = undefined; lastKnownFileType = unknown; explicitFileType = undefined; includeInIndex = 0; };
		52601F20AE944A14B1768746 /* CircularStd-Bold.svg */ = {isa = PBXFileReference; name = "CircularStd-Bold.svg"; path = "../assets/fonts/CircularStd-Bold.svg"; sourceTree = "<group>"; fileEncoding = undefined; lastKnownFileType = unknown; explicitFileType = undefined; includeInIndex = 0; };
		B91CE0A3F782465E9D1E4637 /* CircularStd-BoldItalic.svg */ = {isa = PBXFileReference; name = "CircularStd-BoldItalic.svg"; path = "../assets/fonts/CircularStd-BoldItalic.svg"; sourceTree = "<group>"; fileEncoding = undefined; lastKnownFileType = unknown; explicitFileType = undefined; includeInIndex = 0; };
		9932A9D5C86E40CBBA60B2F2 /* CircularStd-Book.svg */ = {isa = PBXFileReference; name = "CircularStd-Book.svg"; path = "../assets/fonts/CircularStd-Book.svg"; sourceTree = "<group>"; fileEncoding = undefined; lastKnownFileType = unknown; explicitFileType = undefined; includeInIndex = 0; };
		55FE48654092467BB850F34A /* CircularStd-BookItalic.svg */ = {isa = PBXFileReference; name = "CircularStd-BookItalic.svg"; path = "../assets/fonts/CircularStd-BookItalic.svg"; sourceTree = "<group>"; fileEncoding = undefined; lastKnownFileType = unknown; explicitFileType = undefined; includeInIndex = 0; };
		F6F46DA03DCE48F0AB4ED477 /* CircularStd-Medium.svg */ = {isa = PBXFileReference; name = "CircularStd-Medium.svg"; path = "../assets/fonts/CircularStd-Medium.svg"; sourceTree = "<group>"; fileEncoding = undefined; lastKnownFileType = unknown; explicitFileType = undefined; includeInIndex = 0; };
		019412C43DE94F0CA332A954 /* CircularStd-MediumItalic.svg */ = {isa = PBXFileReference; name = "CircularStd-MediumItalic.svg"; path = "../assets/fonts/CircularStd-MediumItalic.svg"; sourceTree = "<group>"; fileEncoding = undefined; lastKnownFileType = unknown; explicitFileType = undefined; includeInIndex = 0; };
		5291467B6BAA4033911B78EA /* CircularStd-Black.otf */ = {isa = PBXFileReference; name = "CircularStd-Black.otf"; path = "../assets/fonts/CircularStd-Black.otf"; sourceTree = "<group>"; fileEncoding = undefined; lastKnownFileType = unknown; explicitFileType = undefined; includeInIndex = 0; };
		EE85F4B601CA4596B718F469 /* CircularStd-Black.ttf */ = {isa = PBXFileReference; name = "CircularStd-Black.ttf"; path = "../assets/fonts/CircularStd-Black.ttf"; sourceTree = "<group>"; fileEncoding = undefined; lastKnownFileType = unknown; explicitFileType = undefined; includeInIndex = 0; };
		8B2BDC3C38AC4EBE8BD25539 /* CircularStd-Black.woff */ = {isa = PBXFileReference; name = "CircularStd-Black.woff"; path = "../assets/fonts/CircularStd-Black.woff"; sourceTree = "<group>"; fileEncoding = undefined; lastKnownFileType = unknown; explicitFileType = undefined; includeInIndex = 0; };
		BD077CEC701143F6BEAE9CA5 /* CircularStd-Black.woff2 */ = {isa = PBXFileReference; name = "CircularStd-Black.woff2"; path = "../assets/fonts/CircularStd-Black.woff2"; sourceTree = "<group>"; fileEncoding = undefined; lastKnownFileType = unknown; explicitFileType = undefined; includeInIndex = 0; };
		6DE4EC0F4D0A4F6D9F5333B6 /* CircularStd-BlackItalic.otf */ = {isa = PBXFileReference; name = "CircularStd-BlackItalic.otf"; path = "../assets/fonts/CircularStd-BlackItalic.otf"; sourceTree = "<group>"; fileEncoding = undefined; lastKnownFileType = unknown; explicitFileType = undefined; includeInIndex = 0; };
		08D096B2917F4896B12E4A7F /* CircularStd-BlackItalic.ttf */ = {isa = PBXFileReference; name = "CircularStd-BlackItalic.ttf"; path = "../assets/fonts/CircularStd-BlackItalic.ttf"; sourceTree = "<group>"; fileEncoding = undefined; lastKnownFileType = unknown; explicitFileType = undefined; includeInIndex = 0; };
		123F2A1226F7492E93A2E03C /* CircularStd-BlackItalic.woff */ = {isa = PBXFileReference; name = "CircularStd-BlackItalic.woff"; path = "../assets/fonts/CircularStd-BlackItalic.woff"; sourceTree = "<group>"; fileEncoding = undefined; lastKnownFileType = unknown; explicitFileType = undefined; includeInIndex = 0; };
		4021E5FA930B4838AFE572BD /* CircularStd-BlackItalic.woff2 */ = {isa = PBXFileReference; name = "CircularStd-BlackItalic.woff2"; path = "../assets/fonts/CircularStd-BlackItalic.woff2"; sourceTree = "<group>"; fileEncoding = undefined; lastKnownFileType = unknown; explicitFileType = undefined; includeInIndex = 0; };
		E2B595550F8A440B965C6275 /* CircularStd-Bold.otf */ = {isa = PBXFileReference; name = "CircularStd-Bold.otf"; path = "../assets/fonts/CircularStd-Bold.otf"; sourceTree = "<group>"; fileEncoding = undefined; lastKnownFileType = unknown; explicitFileType = undefined; includeInIndex = 0; };
		F4B0D33C4BAA4230B5E2A419 /* CircularStd-Bold.ttf */ = {isa = PBXFileReference; name = "CircularStd-Bold.ttf"; path = "../assets/fonts/CircularStd-Bold.ttf"; sourceTree = "<group>"; fileEncoding = undefined; lastKnownFileType = unknown; explicitFileType = undefined; includeInIndex = 0; };
		26D9FB793A3946C191B24C09 /* CircularStd-Bold.woff */ = {isa = PBXFileReference; name = "CircularStd-Bold.woff"; path = "../assets/fonts/CircularStd-Bold.woff"; sourceTree = "<group>"; fileEncoding = undefined; lastKnownFileType = unknown; explicitFileType = undefined; includeInIndex = 0; };
		D176D39E62D04C2AA23EF303 /* CircularStd-Bold.woff2 */ = {isa = PBXFileReference; name = "CircularStd-Bold.woff2"; path = "../assets/fonts/CircularStd-Bold.woff2"; sourceTree = "<group>"; fileEncoding = undefined; lastKnownFileType = unknown; explicitFileType = undefined; includeInIndex = 0; };
		116ACA98E9D34A4F99EB15BE /* CircularStd-BoldItalic.otf */ = {isa = PBXFileReference; name = "CircularStd-BoldItalic.otf"; path = "../assets/fonts/CircularStd-BoldItalic.otf"; sourceTree = "<group>"; fileEncoding = undefined; lastKnownFileType = unknown; explicitFileType = undefined; includeInIndex = 0; };
		AA689277A1204CE9A80CE6EE /* CircularStd-BoldItalic.ttf */ = {isa = PBXFileReference; name = "CircularStd-BoldItalic.ttf"; path = "../assets/fonts/CircularStd-BoldItalic.ttf"; sourceTree = "<group>"; fileEncoding = undefined; lastKnownFileType = unknown; explicitFileType = undefined; includeInIndex = 0; };
		FC1D20BC1F95403BA187C18C /* CircularStd-BoldItalic.woff */ = {isa = PBXFileReference; name = "CircularStd-BoldItalic.woff"; path = "../assets/fonts/CircularStd-BoldItalic.woff"; sourceTree = "<group>"; fileEncoding = undefined; lastKnownFileType = unknown; explicitFileType = undefined; includeInIndex = 0; };
		D6BCB776809E4799AE92754A /* CircularStd-BoldItalic.woff2 */ = {isa = PBXFileReference; name = "CircularStd-BoldItalic.woff2"; path = "../assets/fonts/CircularStd-BoldItalic.woff2"; sourceTree = "<group>"; fileEncoding = undefined; lastKnownFileType = unknown; explicitFileType = undefined; includeInIndex = 0; };
		58F84710C2294D289A369C2C /* CircularStd-Book.otf */ = {isa = PBXFileReference; name = "CircularStd-Book.otf"; path = "../assets/fonts/CircularStd-Book.otf"; sourceTree = "<group>"; fileEncoding = undefined; lastKnownFileType = unknown; explicitFileType = undefined; includeInIndex = 0; };
		A3140272880F4BFF9D448C09 /* CircularStd-Book.ttf */ = {isa = PBXFileReference; name = "CircularStd-Book.ttf"; path = "../assets/fonts/CircularStd-Book.ttf"; sourceTree = "<group>"; fileEncoding = undefined; lastKnownFileType = unknown; explicitFileType = undefined; includeInIndex = 0; };
		6FEF9C5FF5FD4531A8177D78 /* CircularStd-Book.woff */ = {isa = PBXFileReference; name = "CircularStd-Book.woff"; path = "../assets/fonts/CircularStd-Book.woff"; sourceTree = "<group>"; fileEncoding = undefined; lastKnownFileType = unknown; explicitFileType = undefined; includeInIndex = 0; };
		303EE3A89E764A2AB542B78D /* CircularStd-Book.woff2 */ = {isa = PBXFileReference; name = "CircularStd-Book.woff2"; path = "../assets/fonts/CircularStd-Book.woff2"; sourceTree = "<group>"; fileEncoding = undefined; lastKnownFileType = unknown; explicitFileType = undefined; includeInIndex = 0; };
		3C273CBC027E4B6EB566F907 /* CircularStd-BookItalic.otf */ = {isa = PBXFileReference; name = "CircularStd-BookItalic.otf"; path = "../assets/fonts/CircularStd-BookItalic.otf"; sourceTree = "<group>"; fileEncoding = undefined; lastKnownFileType = unknown; explicitFileType = undefined; includeInIndex = 0; };
		7DD4311724B145DEB161185E /* CircularStd-BookItalic.ttf */ = {isa = PBXFileReference; name = "CircularStd-BookItalic.ttf"; path = "../assets/fonts/CircularStd-BookItalic.ttf"; sourceTree = "<group>"; fileEncoding = undefined; lastKnownFileType = unknown; explicitFileType = undefined; includeInIndex = 0; };
		854B993A65F84DFA9E001DBD /* CircularStd-BookItalic.woff */ = {isa = PBXFileReference; name = "CircularStd-BookItalic.woff"; path = "../assets/fonts/CircularStd-BookItalic.woff"; sourceTree = "<group>"; fileEncoding = undefined; lastKnownFileType = unknown; explicitFileType = undefined; includeInIndex = 0; };
		399131673E1D40EDA061DD6B /* CircularStd-BookItalic.woff2 */ = {isa = PBXFileReference; name = "CircularStd-BookItalic.woff2"; path = "../assets/fonts/CircularStd-BookItalic.woff2"; sourceTree = "<group>"; fileEncoding = undefined; lastKnownFileType = unknown; explicitFileType = undefined; includeInIndex = 0; };
		E4436B9E8B914E67BD544B7A /* CircularStd-Medium.otf */ = {isa = PBXFileReference; name = "CircularStd-Medium.otf"; path = "../assets/fonts/CircularStd-Medium.otf"; sourceTree = "<group>"; fileEncoding = undefined; lastKnownFileType = unknown; explicitFileType = undefined; includeInIndex = 0; };
		B7980006AF414A84B8A133C5 /* CircularStd-Medium.ttf */ = {isa = PBXFileReference; name = "CircularStd-Medium.ttf"; path = "../assets/fonts/CircularStd-Medium.ttf"; sourceTree = "<group>"; fileEncoding = undefined; lastKnownFileType = unknown; explicitFileType = undefined; includeInIndex = 0; };
		4921AACC1F5740528E8C4813 /* CircularStd-Medium.woff */ = {isa = PBXFileReference; name = "CircularStd-Medium.woff"; path = "../assets/fonts/CircularStd-Medium.woff"; sourceTree = "<group>"; fileEncoding = undefined; lastKnownFileType = unknown; explicitFileType = undefined; includeInIndex = 0; };
		F41C8C3635FB4325BFF8A50F /* CircularStd-Medium.woff2 */ = {isa = PBXFileReference; name = "CircularStd-Medium.woff2"; path = "../assets/fonts/CircularStd-Medium.woff2"; sourceTree = "<group>"; fileEncoding = undefined; lastKnownFileType = unknown; explicitFileType = undefined; includeInIndex = 0; };
		8E56267E9AA54B08AC03D8FA /* CircularStd-MediumItalic.otf */ = {isa = PBXFileReference; name = "CircularStd-MediumItalic.otf"; path = "../assets/fonts/CircularStd-MediumItalic.otf"; sourceTree = "<group>"; fileEncoding = undefined; lastKnownFileType = unknown; explicitFileType = undefined; includeInIndex = 0; };
		81BEBD9C63084851A18B3552 /* CircularStd-MediumItalic.ttf */ = {isa = PBXFileReference; name = "CircularStd-MediumItalic.ttf"; path = "../assets/fonts/CircularStd-MediumItalic.ttf"; sourceTree = "<group>"; fileEncoding = undefined; lastKnownFileType = unknown; explicitFileType = undefined; includeInIndex = 0; };
		3AB12775CED744F39D1395C7 /* CircularStd-MediumItalic.woff */ = {isa = PBXFileReference; name = "CircularStd-MediumItalic.woff"; path = "../assets/fonts/CircularStd-MediumItalic.woff"; sourceTree = "<group>"; fileEncoding = undefined; lastKnownFileType = unknown; explicitFileType = undefined; includeInIndex = 0; };
		BD62C91608EB4492B02F2607 /* CircularStd-MediumItalic.woff2 */ = {isa = PBXFileReference; name = "CircularStd-MediumItalic.woff2"; path = "../assets/fonts/CircularStd-MediumItalic.woff2"; sourceTree = "<group>"; fileEncoding = undefined; lastKnownFileType = unknown; explicitFileType = undefined; includeInIndex = 0; };
/* End PBXFileReference section */

/* Begin PBXFrameworksBuildPhase section */
		00E356EB1AD99517003FC87E /* Frameworks */ = {
			isa = PBXFrameworksBuildPhase;
			buildActionMask = 2147483647;
			files = (
				B88146502A938910B295B100 /* libPods-alnative-alnativeTests.a in Frameworks */,
			);
			runOnlyForDeploymentPostprocessing = 0;
		};
		13B07F8C1A680F5B00A75B9A /* Frameworks */ = {
			isa = PBXFrameworksBuildPhase;
			buildActionMask = 2147483647;
			files = (
				DFA5C0A9419E04D42FAE666F /* libPods-alnative.a in Frameworks */,
			);
			runOnlyForDeploymentPostprocessing = 0;
		};
		2D02E4781E0B4A5D006451C7 /* Frameworks */ = {
			isa = PBXFrameworksBuildPhase;
			buildActionMask = 2147483647;
			files = (
				631E637641AE3503C80272AB /* libPods-alnative-tvOS.a in Frameworks */,
			);
			runOnlyForDeploymentPostprocessing = 0;
		};
		2D02E48D1E0B4A5D006451C7 /* Frameworks */ = {
			isa = PBXFrameworksBuildPhase;
			buildActionMask = 2147483647;
			files = (
				DBCC5A5D68302571BFC9B9EA /* libPods-alnative-tvOSTests.a in Frameworks */,
			);
			runOnlyForDeploymentPostprocessing = 0;
		};
/* End PBXFrameworksBuildPhase section */

/* Begin PBXGroup section */
		00E356EF1AD99517003FC87E /* alnativeTests */ = {
			isa = PBXGroup;
			children = (
				00E356F21AD99517003FC87E /* alnativeTests.m */,
				00E356F01AD99517003FC87E /* Supporting Files */,
			);
			path = alnativeTests;
			sourceTree = "<group>";
		};
		00E356F01AD99517003FC87E /* Supporting Files */ = {
			isa = PBXGroup;
			children = (
				00E356F11AD99517003FC87E /* Info.plist */,
			);
			name = "Supporting Files";
			sourceTree = "<group>";
		};
		13B07FAE1A68108700A75B9A /* alnative */ = {
			isa = PBXGroup;
			children = (
				008F07F21AC5B25A0029DE68 /* main.jsbundle */,
				13B07FAF1A68108700A75B9A /* AppDelegate.h */,
				13B07FB01A68108700A75B9A /* AppDelegate.m */,
				13B07FB51A68108700A75B9A /* Images.xcassets */,
				13B07FB61A68108700A75B9A /* Info.plist */,
				13B07FB11A68108700A75B9A /* LaunchScreen.xib */,
				13B07FB71A68108700A75B9A /* main.m */,
			);
			name = alnative;
			sourceTree = "<group>";
		};
		2D16E6871FA4F8E400B85C8A /* Frameworks */ = {
			isa = PBXGroup;
			children = (
				ED297162215061F000B7C4FE /* JavaScriptCore.framework */,
				ED2971642150620600B7C4FE /* JavaScriptCore.framework */,
				396BFB06AE9E651C7ADA8BCC /* libPods-alnative.a */,
				5D100DDA564F35E394CA66A3 /* libPods-alnative-alnativeTests.a */,
				6AD93050980DBB0582E949C4 /* libPods-alnative-tvOS.a */,
				76F18403015BC78D20E4A942 /* libPods-alnative-tvOSTests.a */,
			);
			name = Frameworks;
			sourceTree = "<group>";
		};
		832341AE1AAA6A7D00B99B32 /* Libraries */ = {
			isa = PBXGroup;
			children = (
			);
			name = Libraries;
			sourceTree = "<group>";
		};
		83CBB9F61A601CBA00E9B192 = {
			isa = PBXGroup;
			children = (
				13B07FAE1A68108700A75B9A /* alnative */,
				832341AE1AAA6A7D00B99B32 /* Libraries */,
				00E356EF1AD99517003FC87E /* alnativeTests */,
				83CBBA001A601CBA00E9B192 /* Products */,
				2D16E6871FA4F8E400B85C8A /* Frameworks */,
				8888D26C9CB62A0F1D4EDC95 /* Pods */,
				6337F68FE72D4984B8101748 /* Resources */,
			);
			indentWidth = 2;
			sourceTree = "<group>";
			tabWidth = 2;
			usesTabs = 0;
		};
		83CBBA001A601CBA00E9B192 /* Products */ = {
			isa = PBXGroup;
			children = (
				13B07F961A680F5B00A75B9A /* alnative.app */,
				00E356EE1AD99517003FC87E /* alnativeTests.xctest */,
				2D02E47B1E0B4A5D006451C7 /* alnative-tvOS.app */,
				2D02E4901E0B4A5D006451C7 /* alnative-tvOSTests.xctest */,
			);
			name = Products;
			sourceTree = "<group>";
		};
		8888D26C9CB62A0F1D4EDC95 /* Pods */ = {
			isa = PBXGroup;
			children = (
				94268704D6CAD006633B830B /* Pods-alnative.debug.xcconfig */,
				AA074BFF332E1123916FDB1E /* Pods-alnative.release.xcconfig */,
				85454418489238B92BCE9865 /* Pods-alnative-alnativeTests.debug.xcconfig */,
				1DB7D124BD3B24131CC675B0 /* Pods-alnative-alnativeTests.release.xcconfig */,
				989BA24AF4D825086DE76B0A /* Pods-alnative-tvOS.debug.xcconfig */,
				2F9530285CBACA6F05E9E586 /* Pods-alnative-tvOS.release.xcconfig */,
				BEA56E4DE9A6514987F24F14 /* Pods-alnative-tvOSTests.debug.xcconfig */,
				F1326F68EF7BF8010F9D9B0A /* Pods-alnative-tvOSTests.release.xcconfig */,
			);
			path = Pods;
			sourceTree = "<group>";
		};
		6337F68FE72D4984B8101748 /* Resources */ = {
			isa = "PBXGroup";
			children = (
				52B1B4FF0CC944679CD0DEC3 /* CircularStd-Black.svg */,
				F908B978473C41088CC4F767 /* CircularStd-BlackItalic.svg */,
				52601F20AE944A14B1768746 /* CircularStd-Bold.svg */,
				B91CE0A3F782465E9D1E4637 /* CircularStd-BoldItalic.svg */,
				9932A9D5C86E40CBBA60B2F2 /* CircularStd-Book.svg */,
				55FE48654092467BB850F34A /* CircularStd-BookItalic.svg */,
				F6F46DA03DCE48F0AB4ED477 /* CircularStd-Medium.svg */,
				019412C43DE94F0CA332A954 /* CircularStd-MediumItalic.svg */,
				5291467B6BAA4033911B78EA /* CircularStd-Black.otf */,
				EE85F4B601CA4596B718F469 /* CircularStd-Black.ttf */,
				8B2BDC3C38AC4EBE8BD25539 /* CircularStd-Black.woff */,
				BD077CEC701143F6BEAE9CA5 /* CircularStd-Black.woff2 */,
				6DE4EC0F4D0A4F6D9F5333B6 /* CircularStd-BlackItalic.otf */,
				08D096B2917F4896B12E4A7F /* CircularStd-BlackItalic.ttf */,
				123F2A1226F7492E93A2E03C /* CircularStd-BlackItalic.woff */,
				4021E5FA930B4838AFE572BD /* CircularStd-BlackItalic.woff2 */,
				E2B595550F8A440B965C6275 /* CircularStd-Bold.otf */,
				F4B0D33C4BAA4230B5E2A419 /* CircularStd-Bold.ttf */,
				26D9FB793A3946C191B24C09 /* CircularStd-Bold.woff */,
				D176D39E62D04C2AA23EF303 /* CircularStd-Bold.woff2 */,
				116ACA98E9D34A4F99EB15BE /* CircularStd-BoldItalic.otf */,
				AA689277A1204CE9A80CE6EE /* CircularStd-BoldItalic.ttf */,
				FC1D20BC1F95403BA187C18C /* CircularStd-BoldItalic.woff */,
				D6BCB776809E4799AE92754A /* CircularStd-BoldItalic.woff2 */,
				58F84710C2294D289A369C2C /* CircularStd-Book.otf */,
				A3140272880F4BFF9D448C09 /* CircularStd-Book.ttf */,
				6FEF9C5FF5FD4531A8177D78 /* CircularStd-Book.woff */,
				303EE3A89E764A2AB542B78D /* CircularStd-Book.woff2 */,
				3C273CBC027E4B6EB566F907 /* CircularStd-BookItalic.otf */,
				7DD4311724B145DEB161185E /* CircularStd-BookItalic.ttf */,
				854B993A65F84DFA9E001DBD /* CircularStd-BookItalic.woff */,
				399131673E1D40EDA061DD6B /* CircularStd-BookItalic.woff2 */,
				E4436B9E8B914E67BD544B7A /* CircularStd-Medium.otf */,
				B7980006AF414A84B8A133C5 /* CircularStd-Medium.ttf */,
				4921AACC1F5740528E8C4813 /* CircularStd-Medium.woff */,
				F41C8C3635FB4325BFF8A50F /* CircularStd-Medium.woff2 */,
				8E56267E9AA54B08AC03D8FA /* CircularStd-MediumItalic.otf */,
				81BEBD9C63084851A18B3552 /* CircularStd-MediumItalic.ttf */,
				3AB12775CED744F39D1395C7 /* CircularStd-MediumItalic.woff */,
				BD62C91608EB4492B02F2607 /* CircularStd-MediumItalic.woff2 */,
			);
			name = Resources;
			sourceTree = "<group>";
			path = "";
		};
/* End PBXGroup section */

/* Begin PBXNativeTarget section */
		00E356ED1AD99517003FC87E /* alnativeTests */ = {
			isa = PBXNativeTarget;
			buildConfigurationList = 00E357021AD99517003FC87E /* Build configuration list for PBXNativeTarget "alnativeTests" */;
			buildPhases = (
				2FDB9591E728E2CC4BDCA522 /* [CP] Check Pods Manifest.lock */,
				00E356EA1AD99517003FC87E /* Sources */,
				00E356EB1AD99517003FC87E /* Frameworks */,
				00E356EC1AD99517003FC87E /* Resources */,
			);
			buildRules = (
			);
			dependencies = (
				00E356F51AD99517003FC87E /* PBXTargetDependency */,
			);
			name = alnativeTests;
			productName = alnativeTests;
			productReference = 00E356EE1AD99517003FC87E /* alnativeTests.xctest */;
			productType = "com.apple.product-type.bundle.unit-test";
		};
		13B07F861A680F5B00A75B9A /* alnative */ = {
			isa = PBXNativeTarget;
			buildConfigurationList = 13B07F931A680F5B00A75B9A /* Build configuration list for PBXNativeTarget "alnative" */;
			buildPhases = (
				73660B0F307D9A97E20F6820 /* [CP] Check Pods Manifest.lock */,
				FD10A7F022414F080027D42C /* Start Packager */,
				13B07F871A680F5B00A75B9A /* Sources */,
				13B07F8C1A680F5B00A75B9A /* Frameworks */,
				13B07F8E1A680F5B00A75B9A /* Resources */,
				00DD1BFF1BD5951E006B06BC /* Bundle React Native code and images */,
			);
			buildRules = (
			);
			dependencies = (
			);
			name = alnative;
			productName = alnative;
			productReference = 13B07F961A680F5B00A75B9A /* alnative.app */;
			productType = "com.apple.product-type.application";
		};
		2D02E47A1E0B4A5D006451C7 /* alnative-tvOS */ = {
			isa = PBXNativeTarget;
			buildConfigurationList = 2D02E4BA1E0B4A5E006451C7 /* Build configuration list for PBXNativeTarget "alnative-tvOS" */;
			buildPhases = (
				0D22A7CE4AE94A73140E5033 /* [CP] Check Pods Manifest.lock */,
				FD10A7F122414F3F0027D42C /* Start Packager */,
				2D02E4771E0B4A5D006451C7 /* Sources */,
				2D02E4781E0B4A5D006451C7 /* Frameworks */,
				2D02E4791E0B4A5D006451C7 /* Resources */,
				2D02E4CB1E0B4B27006451C7 /* Bundle React Native Code And Images */,
			);
			buildRules = (
			);
			dependencies = (
			);
			name = "alnative-tvOS";
			productName = "alnative-tvOS";
			productReference = 2D02E47B1E0B4A5D006451C7 /* alnative-tvOS.app */;
			productType = "com.apple.product-type.application";
		};
		2D02E48F1E0B4A5D006451C7 /* alnative-tvOSTests */ = {
			isa = PBXNativeTarget;
			buildConfigurationList = 2D02E4BB1E0B4A5E006451C7 /* Build configuration list for PBXNativeTarget "alnative-tvOSTests" */;
			buildPhases = (
				610D994BD462C054649C5B56 /* [CP] Check Pods Manifest.lock */,
				2D02E48C1E0B4A5D006451C7 /* Sources */,
				2D02E48D1E0B4A5D006451C7 /* Frameworks */,
				2D02E48E1E0B4A5D006451C7 /* Resources */,
			);
			buildRules = (
			);
			dependencies = (
				2D02E4921E0B4A5D006451C7 /* PBXTargetDependency */,
			);
			name = "alnative-tvOSTests";
			productName = "alnative-tvOSTests";
			productReference = 2D02E4901E0B4A5D006451C7 /* alnative-tvOSTests.xctest */;
			productType = "com.apple.product-type.bundle.unit-test";
		};
/* End PBXNativeTarget section */

/* Begin PBXProject section */
		83CBB9F71A601CBA00E9B192 /* Project object */ = {
			isa = PBXProject;
			attributes = {
				LastUpgradeCheck = 1130;
				TargetAttributes = {
					00E356ED1AD99517003FC87E = {
						CreatedOnToolsVersion = 6.2;
						DevelopmentTeam = 42Q9A3RF9V;
						TestTargetID = 13B07F861A680F5B00A75B9A;
					};
					13B07F861A680F5B00A75B9A = {
						DevelopmentTeam = 42Q9A3RF9V;
						LastSwiftMigration = 1120;
					};
					2D02E47A1E0B4A5D006451C7 = {
						CreatedOnToolsVersion = 8.2.1;
						ProvisioningStyle = Automatic;
					};
					2D02E48F1E0B4A5D006451C7 = {
						CreatedOnToolsVersion = 8.2.1;
						ProvisioningStyle = Automatic;
						TestTargetID = 2D02E47A1E0B4A5D006451C7;
					};
				};
			};
			buildConfigurationList = 83CBB9FA1A601CBA00E9B192 /* Build configuration list for PBXProject "alnative" */;
			compatibilityVersion = "Xcode 3.2";
			developmentRegion = en;
			hasScannedForEncodings = 0;
			knownRegions = (
				en,
				Base,
			);
			mainGroup = 83CBB9F61A601CBA00E9B192;
			productRefGroup = 83CBBA001A601CBA00E9B192 /* Products */;
			projectDirPath = "";
			projectRoot = "";
			targets = (
				13B07F861A680F5B00A75B9A /* alnative */,
				00E356ED1AD99517003FC87E /* alnativeTests */,
				2D02E47A1E0B4A5D006451C7 /* alnative-tvOS */,
				2D02E48F1E0B4A5D006451C7 /* alnative-tvOSTests */,
			);
		};
/* End PBXProject section */

/* Begin PBXResourcesBuildPhase section */
		00E356EC1AD99517003FC87E /* Resources */ = {
			isa = PBXResourcesBuildPhase;
			buildActionMask = 2147483647;
			files = (
			);
			runOnlyForDeploymentPostprocessing = 0;
		};
		13B07F8E1A680F5B00A75B9A /* Resources */ = {
			isa = PBXResourcesBuildPhase;
			buildActionMask = 2147483647;
			files = (
				13B07FBF1A68108700A75B9A /* Images.xcassets in Resources */,
				13B07FBD1A68108700A75B9A /* LaunchScreen.xib in Resources */,
				2338479464A8409AADB3798F /* CircularStd-Black.svg in Resources */,
				8C38408BEB854841828EC786 /* CircularStd-BlackItalic.svg in Resources */,
				9CB9A73762AD455BB2B8F85A /* CircularStd-Bold.svg in Resources */,
				0DD83ED091E14EFE9606FDE8 /* CircularStd-BoldItalic.svg in Resources */,
				3003C14438AC4D5AB9B669D4 /* CircularStd-Book.svg in Resources */,
				F196DD6A516F424B848BB894 /* CircularStd-BookItalic.svg in Resources */,
				71AD0AC0FF2B4920A5DF11B3 /* CircularStd-Medium.svg in Resources */,
				2B52EE1372844B77938B03E0 /* CircularStd-MediumItalic.svg in Resources */,
				B45FA9E3F46C49C28619BE33 /* CircularStd-Black.otf in Resources */,
				3417414D9DE44770A0474526 /* CircularStd-Black.ttf in Resources */,
				95DFB2462E0143C8B61FA3AA /* CircularStd-Black.woff in Resources */,
				B187E10F618045239B3624DB /* CircularStd-Black.woff2 in Resources */,
				C5D7683CACB8428A929974AC /* CircularStd-BlackItalic.otf in Resources */,
				98C0E15F04DA48F9A7B985DC /* CircularStd-BlackItalic.ttf in Resources */,
				26733ECE7A8D4C28B2068CB4 /* CircularStd-BlackItalic.woff in Resources */,
				766D374BE52D401CB26476FD /* CircularStd-BlackItalic.woff2 in Resources */,
				238B42C787DA41E2B704EBCC /* CircularStd-Bold.otf in Resources */,
				4F3CCA512AA34CA593754C30 /* CircularStd-Bold.ttf in Resources */,
				D55F584869A444C5A9E9C5B3 /* CircularStd-Bold.woff in Resources */,
				CF442D7C26BF49C78389B0E6 /* CircularStd-Bold.woff2 in Resources */,
				EB1AABAE98DE4E259E2B31CD /* CircularStd-BoldItalic.otf in Resources */,
				298009C91ACF488DBF39C092 /* CircularStd-BoldItalic.ttf in Resources */,
				7F9A94513A564291838A1A1E /* CircularStd-BoldItalic.woff in Resources */,
				47127BBF3778480F8E83646D /* CircularStd-BoldItalic.woff2 in Resources */,
				48BEC3941BF84D9BAEDB21C9 /* CircularStd-Book.otf in Resources */,
				458EBF4FEDE24636A3BF121F /* CircularStd-Book.ttf in Resources */,
				B6FBFF41267E47878BFE8F8E /* CircularStd-Book.woff in Resources */,
				24CD8FF1EC054E3FA76A0395 /* CircularStd-Book.woff2 in Resources */,
				63B4ED4B467C421F8EE7F572 /* CircularStd-BookItalic.otf in Resources */,
				96A90F71BBD8487EA81D1A49 /* CircularStd-BookItalic.ttf in Resources */,
				7A17C0501BCC4AE3A4202995 /* CircularStd-BookItalic.woff in Resources */,
				DBAD35371CEF446C8FB05133 /* CircularStd-BookItalic.woff2 in Resources */,
				3EA172427BAE4AF08E907A76 /* CircularStd-Medium.otf in Resources */,
				8043E9190EC44C34BF11D01E /* CircularStd-Medium.ttf in Resources */,
				957210004B994CC890162035 /* CircularStd-Medium.woff in Resources */,
				11E2017114084E5AAA680D9B /* CircularStd-Medium.woff2 in Resources */,
				672DADE12FA34121B989F64C /* CircularStd-MediumItalic.otf in Resources */,
				CAC19146A10E476EBDF8AC3C /* CircularStd-MediumItalic.ttf in Resources */,
				1269EF3AF78645389EB927A9 /* CircularStd-MediumItalic.woff in Resources */,
				2287C906BC154CA581A75D2A /* CircularStd-MediumItalic.woff2 in Resources */,
			);
			runOnlyForDeploymentPostprocessing = 0;
		};
		2D02E4791E0B4A5D006451C7 /* Resources */ = {
			isa = PBXResourcesBuildPhase;
			buildActionMask = 2147483647;
			files = (
				2D02E4BD1E0B4A84006451C7 /* Images.xcassets in Resources */,
			);
			runOnlyForDeploymentPostprocessing = 0;
		};
		2D02E48E1E0B4A5D006451C7 /* Resources */ = {
			isa = PBXResourcesBuildPhase;
			buildActionMask = 2147483647;
			files = (
			);
			runOnlyForDeploymentPostprocessing = 0;
		};
/* End PBXResourcesBuildPhase section */

/* Begin PBXShellScriptBuildPhase section */
		00DD1BFF1BD5951E006B06BC /* Bundle React Native code and images */ = {
			isa = PBXShellScriptBuildPhase;
			buildActionMask = 2147483647;
			files = (
			);
			inputPaths = (
			);
			name = "Bundle React Native code and images";
			outputPaths = (
			);
			runOnlyForDeploymentPostprocessing = 0;
			shellPath = /bin/sh;
			shellScript = "export NODE_BINARY=node\n../node_modules/react-native/scripts/react-native-xcode.sh";
		};
		0D22A7CE4AE94A73140E5033 /* [CP] Check Pods Manifest.lock */ = {
			isa = PBXShellScriptBuildPhase;
			buildActionMask = 2147483647;
			files = (
			);
			inputFileListPaths = (
			);
			inputPaths = (
				"${PODS_PODFILE_DIR_PATH}/Podfile.lock",
				"${PODS_ROOT}/Manifest.lock",
			);
			name = "[CP] Check Pods Manifest.lock";
			outputFileListPaths = (
			);
			outputPaths = (
				"$(DERIVED_FILE_DIR)/Pods-alnative-tvOS-checkManifestLockResult.txt",
			);
			runOnlyForDeploymentPostprocessing = 0;
			shellPath = /bin/sh;
			shellScript = "diff \"${PODS_PODFILE_DIR_PATH}/Podfile.lock\" \"${PODS_ROOT}/Manifest.lock\" > /dev/null\nif [ $? != 0 ] ; then\n    # print error to STDERR\n    echo \"error: The sandbox is not in sync with the Podfile.lock. Run 'pod install' or update your CocoaPods installation.\" >&2\n    exit 1\nfi\n# This output is used by Xcode 'outputs' to avoid re-running this script phase.\necho \"SUCCESS\" > \"${SCRIPT_OUTPUT_FILE_0}\"\n";
			showEnvVarsInLog = 0;
		};
		2D02E4CB1E0B4B27006451C7 /* Bundle React Native Code And Images */ = {
			isa = PBXShellScriptBuildPhase;
			buildActionMask = 2147483647;
			files = (
			);
			inputPaths = (
			);
			name = "Bundle React Native Code And Images";
			outputPaths = (
			);
			runOnlyForDeploymentPostprocessing = 0;
			shellPath = /bin/sh;
			shellScript = "export NODE_BINARY=node\n../node_modules/react-native/scripts/react-native-xcode.sh";
		};
		2FDB9591E728E2CC4BDCA522 /* [CP] Check Pods Manifest.lock */ = {
			isa = PBXShellScriptBuildPhase;
			buildActionMask = 2147483647;
			files = (
			);
			inputFileListPaths = (
			);
			inputPaths = (
				"${PODS_PODFILE_DIR_PATH}/Podfile.lock",
				"${PODS_ROOT}/Manifest.lock",
			);
			name = "[CP] Check Pods Manifest.lock";
			outputFileListPaths = (
			);
			outputPaths = (
				"$(DERIVED_FILE_DIR)/Pods-alnative-alnativeTests-checkManifestLockResult.txt",
			);
			runOnlyForDeploymentPostprocessing = 0;
			shellPath = /bin/sh;
			shellScript = "diff \"${PODS_PODFILE_DIR_PATH}/Podfile.lock\" \"${PODS_ROOT}/Manifest.lock\" > /dev/null\nif [ $? != 0 ] ; then\n    # print error to STDERR\n    echo \"error: The sandbox is not in sync with the Podfile.lock. Run 'pod install' or update your CocoaPods installation.\" >&2\n    exit 1\nfi\n# This output is used by Xcode 'outputs' to avoid re-running this script phase.\necho \"SUCCESS\" > \"${SCRIPT_OUTPUT_FILE_0}\"\n";
			showEnvVarsInLog = 0;
		};
		610D994BD462C054649C5B56 /* [CP] Check Pods Manifest.lock */ = {
			isa = PBXShellScriptBuildPhase;
			buildActionMask = 2147483647;
			files = (
			);
			inputFileListPaths = (
			);
			inputPaths = (
				"${PODS_PODFILE_DIR_PATH}/Podfile.lock",
				"${PODS_ROOT}/Manifest.lock",
			);
			name = "[CP] Check Pods Manifest.lock";
			outputFileListPaths = (
			);
			outputPaths = (
				"$(DERIVED_FILE_DIR)/Pods-alnative-tvOSTests-checkManifestLockResult.txt",
			);
			runOnlyForDeploymentPostprocessing = 0;
			shellPath = /bin/sh;
			shellScript = "diff \"${PODS_PODFILE_DIR_PATH}/Podfile.lock\" \"${PODS_ROOT}/Manifest.lock\" > /dev/null\nif [ $? != 0 ] ; then\n    # print error to STDERR\n    echo \"error: The sandbox is not in sync with the Podfile.lock. Run 'pod install' or update your CocoaPods installation.\" >&2\n    exit 1\nfi\n# This output is used by Xcode 'outputs' to avoid re-running this script phase.\necho \"SUCCESS\" > \"${SCRIPT_OUTPUT_FILE_0}\"\n";
			showEnvVarsInLog = 0;
		};
		73660B0F307D9A97E20F6820 /* [CP] Check Pods Manifest.lock */ = {
			isa = PBXShellScriptBuildPhase;
			buildActionMask = 2147483647;
			files = (
			);
			inputFileListPaths = (
			);
			inputPaths = (
				"${PODS_PODFILE_DIR_PATH}/Podfile.lock",
				"${PODS_ROOT}/Manifest.lock",
			);
			name = "[CP] Check Pods Manifest.lock";
			outputFileListPaths = (
			);
			outputPaths = (
				"$(DERIVED_FILE_DIR)/Pods-alnative-checkManifestLockResult.txt",
			);
			runOnlyForDeploymentPostprocessing = 0;
			shellPath = /bin/sh;
			shellScript = "diff \"${PODS_PODFILE_DIR_PATH}/Podfile.lock\" \"${PODS_ROOT}/Manifest.lock\" > /dev/null\nif [ $? != 0 ] ; then\n    # print error to STDERR\n    echo \"error: The sandbox is not in sync with the Podfile.lock. Run 'pod install' or update your CocoaPods installation.\" >&2\n    exit 1\nfi\n# This output is used by Xcode 'outputs' to avoid re-running this script phase.\necho \"SUCCESS\" > \"${SCRIPT_OUTPUT_FILE_0}\"\n";
			showEnvVarsInLog = 0;
		};
		FD10A7F022414F080027D42C /* Start Packager */ = {
			isa = PBXShellScriptBuildPhase;
			buildActionMask = 2147483647;
			files = (
			);
			inputFileListPaths = (
			);
			inputPaths = (
			);
			name = "Start Packager";
			outputFileListPaths = (
			);
			outputPaths = (
			);
			runOnlyForDeploymentPostprocessing = 0;
			shellPath = /bin/sh;
			shellScript = "export RCT_METRO_PORT=\"${RCT_METRO_PORT:=8081}\"\necho \"export RCT_METRO_PORT=${RCT_METRO_PORT}\" > \"${SRCROOT}/../node_modules/react-native/scripts/.packager.env\"\nif [ -z \"${RCT_NO_LAUNCH_PACKAGER+xxx}\" ] ; then\n  if nc -w 5 -z localhost ${RCT_METRO_PORT} ; then\n    if ! curl -s \"http://localhost:${RCT_METRO_PORT}/status\" | grep -q \"packager-status:running\" ; then\n      echo \"Port ${RCT_METRO_PORT} already in use, packager is either not running or not running correctly\"\n      exit 2\n    fi\n  else\n    open \"$SRCROOT/../node_modules/react-native/scripts/launchPackager.command\" || echo \"Can't start packager automatically\"\n  fi\nfi\n";
			showEnvVarsInLog = 0;
		};
		FD10A7F122414F3F0027D42C /* Start Packager */ = {
			isa = PBXShellScriptBuildPhase;
			buildActionMask = 2147483647;
			files = (
			);
			inputFileListPaths = (
			);
			inputPaths = (
			);
			name = "Start Packager";
			outputFileListPaths = (
			);
			outputPaths = (
			);
			runOnlyForDeploymentPostprocessing = 0;
			shellPath = /bin/sh;
			shellScript = "export RCT_METRO_PORT=\"${RCT_METRO_PORT:=8081}\"\necho \"export RCT_METRO_PORT=${RCT_METRO_PORT}\" > \"${SRCROOT}/../node_modules/react-native/scripts/.packager.env\"\nif [ -z \"${RCT_NO_LAUNCH_PACKAGER+xxx}\" ] ; then\n  if nc -w 5 -z localhost ${RCT_METRO_PORT} ; then\n    if ! curl -s \"http://localhost:${RCT_METRO_PORT}/status\" | grep -q \"packager-status:running\" ; then\n      echo \"Port ${RCT_METRO_PORT} already in use, packager is either not running or not running correctly\"\n      exit 2\n    fi\n  else\n    open \"$SRCROOT/../node_modules/react-native/scripts/launchPackager.command\" || echo \"Can't start packager automatically\"\n  fi\nfi\n";
			showEnvVarsInLog = 0;
		};
/* End PBXShellScriptBuildPhase section */

/* Begin PBXSourcesBuildPhase section */
		00E356EA1AD99517003FC87E /* Sources */ = {
			isa = PBXSourcesBuildPhase;
			buildActionMask = 2147483647;
			files = (
				00E356F31AD99517003FC87E /* alnativeTests.m in Sources */,
			);
			runOnlyForDeploymentPostprocessing = 0;
		};
		13B07F871A680F5B00A75B9A /* Sources */ = {
			isa = PBXSourcesBuildPhase;
			buildActionMask = 2147483647;
			files = (
				13B07FBC1A68108700A75B9A /* AppDelegate.m in Sources */,
				13B07FC11A68108700A75B9A /* main.m in Sources */,
			);
			runOnlyForDeploymentPostprocessing = 0;
		};
		2D02E4771E0B4A5D006451C7 /* Sources */ = {
			isa = PBXSourcesBuildPhase;
			buildActionMask = 2147483647;
			files = (
				2D02E4BF1E0B4AB3006451C7 /* main.m in Sources */,
				2D02E4BC1E0B4A80006451C7 /* AppDelegate.m in Sources */,
			);
			runOnlyForDeploymentPostprocessing = 0;
		};
		2D02E48C1E0B4A5D006451C7 /* Sources */ = {
			isa = PBXSourcesBuildPhase;
			buildActionMask = 2147483647;
			files = (
				2DCD954D1E0B4F2C00145EB5 /* alnativeTests.m in Sources */,
			);
			runOnlyForDeploymentPostprocessing = 0;
		};
/* End PBXSourcesBuildPhase section */

/* Begin PBXTargetDependency section */
		00E356F51AD99517003FC87E /* PBXTargetDependency */ = {
			isa = PBXTargetDependency;
			target = 13B07F861A680F5B00A75B9A /* alnative */;
			targetProxy = 00E356F41AD99517003FC87E /* PBXContainerItemProxy */;
		};
		2D02E4921E0B4A5D006451C7 /* PBXTargetDependency */ = {
			isa = PBXTargetDependency;
			target = 2D02E47A1E0B4A5D006451C7 /* alnative-tvOS */;
			targetProxy = 2D02E4911E0B4A5D006451C7 /* PBXContainerItemProxy */;
		};
/* End PBXTargetDependency section */

/* Begin PBXVariantGroup section */
		13B07FB11A68108700A75B9A /* LaunchScreen.xib */ = {
			isa = PBXVariantGroup;
			children = (
				13B07FB21A68108700A75B9A /* Base */,
			);
			name = LaunchScreen.xib;
			path = alnative;
			sourceTree = "<group>";
		};
/* End PBXVariantGroup section */

/* Begin XCBuildConfiguration section */
		00E356F61AD99517003FC87E /* Debug */ = {
			isa = XCBuildConfiguration;
			baseConfigurationReference = 85454418489238B92BCE9865 /* Pods-alnative-alnativeTests.debug.xcconfig */;
			buildSettings = {
				BUNDLE_LOADER = "$(TEST_HOST)";
				DEVELOPMENT_TEAM = 42Q9A3RF9V;
				GCC_PREPROCESSOR_DEFINITIONS = (
					"DEBUG=1",
					"$(inherited)",
				);
				INFOPLIST_FILE = alnativeTests/Info.plist;
				IPHONEOS_DEPLOYMENT_TARGET = 9.0;
				LD_RUNPATH_SEARCH_PATHS = "$(inherited) @executable_path/Frameworks @loader_path/Frameworks";
				OTHER_LDFLAGS = (
					"-ObjC",
					"-lc++",
					"$(inherited)",
				);
				PRODUCT_BUNDLE_IDENTIFIER = "org.reactjs.native.example.$(PRODUCT_NAME:rfc1034identifier)";
				PRODUCT_NAME = "$(TARGET_NAME)";
				TEST_HOST = "$(BUILT_PRODUCTS_DIR)/alnative.app/alnative";
			};
			name = Debug;
		};
		00E356F71AD99517003FC87E /* Release */ = {
			isa = XCBuildConfiguration;
			baseConfigurationReference = 1DB7D124BD3B24131CC675B0 /* Pods-alnative-alnativeTests.release.xcconfig */;
			buildSettings = {
				BUNDLE_LOADER = "$(TEST_HOST)";
				COPY_PHASE_STRIP = NO;
				DEVELOPMENT_TEAM = 42Q9A3RF9V;
				INFOPLIST_FILE = alnativeTests/Info.plist;
				IPHONEOS_DEPLOYMENT_TARGET = 9.0;
				LD_RUNPATH_SEARCH_PATHS = "$(inherited) @executable_path/Frameworks @loader_path/Frameworks";
				OTHER_LDFLAGS = (
					"-ObjC",
					"-lc++",
					"$(inherited)",
				);
				PRODUCT_BUNDLE_IDENTIFIER = "org.reactjs.native.example.$(PRODUCT_NAME:rfc1034identifier)";
				PRODUCT_NAME = "$(TARGET_NAME)";
				TEST_HOST = "$(BUILT_PRODUCTS_DIR)/alnative.app/alnative";
			};
			name = Release;
		};
		13B07F941A680F5B00A75B9A /* Debug */ = {
			isa = XCBuildConfiguration;
			baseConfigurationReference = 94268704D6CAD006633B830B /* Pods-alnative.debug.xcconfig */;
			buildSettings = {
				ASSETCATALOG_COMPILER_APPICON_NAME = AppIcon;
				CLANG_ENABLE_MODULES = YES;
				CURRENT_PROJECT_VERSION = 1;
				DEVELOPMENT_TEAM = 42Q9A3RF9V;
				ENABLE_BITCODE = NO;
				GCC_PREPROCESSOR_DEFINITIONS = (
					"$(inherited)",
					"FB_SONARKIT_ENABLED=1",
				);
				INFOPLIST_FILE = alnative/Info.plist;
				LD_RUNPATH_SEARCH_PATHS = "$(inherited) @executable_path/Frameworks";
				OTHER_LDFLAGS = (
					"$(inherited)",
					"-ObjC",
					"-lc++",
				);
				PRODUCT_BUNDLE_IDENTIFIER = org.waruka.alnative;
				PRODUCT_NAME = alnative;
				SWIFT_OPTIMIZATION_LEVEL = "-Onone";
				SWIFT_VERSION = 5.0;
				VERSIONING_SYSTEM = "apple-generic";
			};
			name = Debug;
		};
		13B07F951A680F5B00A75B9A /* Release */ = {
			isa = XCBuildConfiguration;
			baseConfigurationReference = AA074BFF332E1123916FDB1E /* Pods-alnative.release.xcconfig */;
			buildSettings = {
				ASSETCATALOG_COMPILER_APPICON_NAME = AppIcon;
				CLANG_ENABLE_MODULES = YES;
				CURRENT_PROJECT_VERSION = 1;
				DEVELOPMENT_TEAM = 42Q9A3RF9V;
				INFOPLIST_FILE = alnative/Info.plist;
				LD_RUNPATH_SEARCH_PATHS = "$(inherited) @executable_path/Frameworks";
				OTHER_LDFLAGS = (
					"$(inherited)",
					"-ObjC",
					"-lc++",
				);
				PRODUCT_BUNDLE_IDENTIFIER = org.waruka.alnative;
				PRODUCT_NAME = alnative;
				SWIFT_VERSION = 5.0;
				VERSIONING_SYSTEM = "apple-generic";
			};
			name = Release;
		};
		2D02E4971E0B4A5E006451C7 /* Debug */ = {
			isa = XCBuildConfiguration;
			baseConfigurationReference = 989BA24AF4D825086DE76B0A /* Pods-alnative-tvOS.debug.xcconfig */;
			buildSettings = {
				ASSETCATALOG_COMPILER_APPICON_NAME = "App Icon & Top Shelf Image";
				ASSETCATALOG_COMPILER_LAUNCHIMAGE_NAME = LaunchImage;
				CLANG_ANALYZER_NONNULL = YES;
				CLANG_WARN_DOCUMENTATION_COMMENTS = YES;
				CLANG_WARN_INFINITE_RECURSION = YES;
				CLANG_WARN_SUSPICIOUS_MOVE = YES;
				DEBUG_INFORMATION_FORMAT = dwarf;
				ENABLE_TESTABILITY = YES;
				GCC_NO_COMMON_BLOCKS = YES;
				INFOPLIST_FILE = "alnative-tvOS/Info.plist";
				LD_RUNPATH_SEARCH_PATHS = "$(inherited) @executable_path/Frameworks";
				OTHER_LDFLAGS = (
					"$(inherited)",
					"-ObjC",
					"-lc++",
				);
				PRODUCT_BUNDLE_IDENTIFIER = "org.reactjs.native.example.alnative-tvOS";
				PRODUCT_NAME = "$(TARGET_NAME)";
				SDKROOT = appletvos;
				TARGETED_DEVICE_FAMILY = 3;
				TVOS_DEPLOYMENT_TARGET = 9.2;
			};
			name = Debug;
		};
		2D02E4981E0B4A5E006451C7 /* Release */ = {
			isa = XCBuildConfiguration;
			baseConfigurationReference = 2F9530285CBACA6F05E9E586 /* Pods-alnative-tvOS.release.xcconfig */;
			buildSettings = {
				ASSETCATALOG_COMPILER_APPICON_NAME = "App Icon & Top Shelf Image";
				ASSETCATALOG_COMPILER_LAUNCHIMAGE_NAME = LaunchImage;
				CLANG_ANALYZER_NONNULL = YES;
				CLANG_WARN_DOCUMENTATION_COMMENTS = YES;
				CLANG_WARN_INFINITE_RECURSION = YES;
				CLANG_WARN_SUSPICIOUS_MOVE = YES;
				COPY_PHASE_STRIP = NO;
				DEBUG_INFORMATION_FORMAT = "dwarf-with-dsym";
				GCC_NO_COMMON_BLOCKS = YES;
				INFOPLIST_FILE = "alnative-tvOS/Info.plist";
				LD_RUNPATH_SEARCH_PATHS = "$(inherited) @executable_path/Frameworks";
				OTHER_LDFLAGS = (
					"$(inherited)",
					"-ObjC",
					"-lc++",
				);
				PRODUCT_BUNDLE_IDENTIFIER = "org.reactjs.native.example.alnative-tvOS";
				PRODUCT_NAME = "$(TARGET_NAME)";
				SDKROOT = appletvos;
				TARGETED_DEVICE_FAMILY = 3;
				TVOS_DEPLOYMENT_TARGET = 9.2;
			};
			name = Release;
		};
		2D02E4991E0B4A5E006451C7 /* Debug */ = {
			isa = XCBuildConfiguration;
			baseConfigurationReference = BEA56E4DE9A6514987F24F14 /* Pods-alnative-tvOSTests.debug.xcconfig */;
			buildSettings = {
				BUNDLE_LOADER = "$(TEST_HOST)";
				CLANG_ANALYZER_NONNULL = YES;
				CLANG_WARN_DOCUMENTATION_COMMENTS = YES;
				CLANG_WARN_INFINITE_RECURSION = YES;
				CLANG_WARN_SUSPICIOUS_MOVE = YES;
				DEBUG_INFORMATION_FORMAT = dwarf;
				ENABLE_TESTABILITY = YES;
				GCC_NO_COMMON_BLOCKS = YES;
				INFOPLIST_FILE = "alnative-tvOSTests/Info.plist";
				LD_RUNPATH_SEARCH_PATHS = "$(inherited) @executable_path/Frameworks @loader_path/Frameworks";
				OTHER_LDFLAGS = (
					"$(inherited)",
					"-ObjC",
					"-lc++",
				);
				PRODUCT_BUNDLE_IDENTIFIER = "org.reactjs.native.example.alnative-tvOSTests";
				PRODUCT_NAME = "$(TARGET_NAME)";
				SDKROOT = appletvos;
				TEST_HOST = "$(BUILT_PRODUCTS_DIR)/alnative-tvOS.app/alnative-tvOS";
				TVOS_DEPLOYMENT_TARGET = 10.1;
			};
			name = Debug;
		};
		2D02E49A1E0B4A5E006451C7 /* Release */ = {
			isa = XCBuildConfiguration;
			baseConfigurationReference = F1326F68EF7BF8010F9D9B0A /* Pods-alnative-tvOSTests.release.xcconfig */;
			buildSettings = {
				BUNDLE_LOADER = "$(TEST_HOST)";
				CLANG_ANALYZER_NONNULL = YES;
				CLANG_WARN_DOCUMENTATION_COMMENTS = YES;
				CLANG_WARN_INFINITE_RECURSION = YES;
				CLANG_WARN_SUSPICIOUS_MOVE = YES;
				COPY_PHASE_STRIP = NO;
				DEBUG_INFORMATION_FORMAT = "dwarf-with-dsym";
				GCC_NO_COMMON_BLOCKS = YES;
				INFOPLIST_FILE = "alnative-tvOSTests/Info.plist";
				LD_RUNPATH_SEARCH_PATHS = "$(inherited) @executable_path/Frameworks @loader_path/Frameworks";
				OTHER_LDFLAGS = (
					"$(inherited)",
					"-ObjC",
					"-lc++",
				);
				PRODUCT_BUNDLE_IDENTIFIER = "org.reactjs.native.example.alnative-tvOSTests";
				PRODUCT_NAME = "$(TARGET_NAME)";
				SDKROOT = appletvos;
				TEST_HOST = "$(BUILT_PRODUCTS_DIR)/alnative-tvOS.app/alnative-tvOS";
				TVOS_DEPLOYMENT_TARGET = 10.1;
			};
			name = Release;
		};
		83CBBA201A601CBA00E9B192 /* Debug */ = {
			isa = XCBuildConfiguration;
			buildSettings = {
				ALWAYS_SEARCH_USER_PATHS = NO;
				CLANG_ANALYZER_LOCALIZABILITY_NONLOCALIZED = YES;
				CLANG_CXX_LANGUAGE_STANDARD = "gnu++0x";
				CLANG_CXX_LIBRARY = "libc++";
				CLANG_ENABLE_MODULES = YES;
				CLANG_ENABLE_OBJC_ARC = YES;
				CLANG_WARN_BLOCK_CAPTURE_AUTORELEASING = YES;
				CLANG_WARN_BOOL_CONVERSION = YES;
				CLANG_WARN_COMMA = YES;
				CLANG_WARN_CONSTANT_CONVERSION = YES;
				CLANG_WARN_DEPRECATED_OBJC_IMPLEMENTATIONS = YES;
				CLANG_WARN_DIRECT_OBJC_ISA_USAGE = YES_ERROR;
				CLANG_WARN_EMPTY_BODY = YES;
				CLANG_WARN_ENUM_CONVERSION = YES;
				CLANG_WARN_INFINITE_RECURSION = YES;
				CLANG_WARN_INT_CONVERSION = YES;
				CLANG_WARN_NON_LITERAL_NULL_CONVERSION = YES;
				CLANG_WARN_OBJC_IMPLICIT_RETAIN_SELF = YES;
				CLANG_WARN_OBJC_LITERAL_CONVERSION = YES;
				CLANG_WARN_OBJC_ROOT_CLASS = YES_ERROR;
				CLANG_WARN_RANGE_LOOP_ANALYSIS = YES;
				CLANG_WARN_STRICT_PROTOTYPES = YES;
				CLANG_WARN_SUSPICIOUS_MOVE = YES;
				CLANG_WARN_UNREACHABLE_CODE = YES;
				CLANG_WARN__DUPLICATE_METHOD_MATCH = YES;
				"CODE_SIGN_IDENTITY[sdk=iphoneos*]" = "iPhone Developer";
				COPY_PHASE_STRIP = NO;
				ENABLE_STRICT_OBJC_MSGSEND = YES;
				ENABLE_TESTABILITY = YES;
				GCC_C_LANGUAGE_STANDARD = gnu99;
				GCC_DYNAMIC_NO_PIC = NO;
				GCC_NO_COMMON_BLOCKS = YES;
				GCC_OPTIMIZATION_LEVEL = 0;
				GCC_PREPROCESSOR_DEFINITIONS = (
					"DEBUG=1",
					"$(inherited)",
				);
				GCC_SYMBOLS_PRIVATE_EXTERN = NO;
				GCC_WARN_64_TO_32_BIT_CONVERSION = YES;
				GCC_WARN_ABOUT_RETURN_TYPE = YES_ERROR;
				GCC_WARN_UNDECLARED_SELECTOR = YES;
				GCC_WARN_UNINITIALIZED_AUTOS = YES_AGGRESSIVE;
				GCC_WARN_UNUSED_FUNCTION = YES;
				GCC_WARN_UNUSED_VARIABLE = YES;
				IPHONEOS_DEPLOYMENT_TARGET = 9.0;
				LD_RUNPATH_SEARCH_PATHS = "/usr/lib/swift $(inherited)";
				LIBRARY_SEARCH_PATHS = (
					"\"$(TOOLCHAIN_DIR)/usr/lib/swift/$(PLATFORM_NAME)\"",
					"\"$(TOOLCHAIN_DIR)/usr/lib/swift-5.0/$(PLATFORM_NAME)\"",
					"\"$(inherited)\"",
				);
				MTL_ENABLE_DEBUG_INFO = YES;
				ONLY_ACTIVE_ARCH = YES;
				SDKROOT = iphoneos;
			};
			name = Debug;
		};
		83CBBA211A601CBA00E9B192 /* Release */ = {
			isa = XCBuildConfiguration;
			buildSettings = {
				ALWAYS_SEARCH_USER_PATHS = NO;
				CLANG_ANALYZER_LOCALIZABILITY_NONLOCALIZED = YES;
				CLANG_CXX_LANGUAGE_STANDARD = "gnu++0x";
				CLANG_CXX_LIBRARY = "libc++";
				CLANG_ENABLE_MODULES = YES;
				CLANG_ENABLE_OBJC_ARC = YES;
				CLANG_WARN_BLOCK_CAPTURE_AUTORELEASING = YES;
				CLANG_WARN_BOOL_CONVERSION = YES;
				CLANG_WARN_COMMA = YES;
				CLANG_WARN_CONSTANT_CONVERSION = YES;
				CLANG_WARN_DEPRECATED_OBJC_IMPLEMENTATIONS = YES;
				CLANG_WARN_DIRECT_OBJC_ISA_USAGE = YES_ERROR;
				CLANG_WARN_EMPTY_BODY = YES;
				CLANG_WARN_ENUM_CONVERSION = YES;
				CLANG_WARN_INFINITE_RECURSION = YES;
				CLANG_WARN_INT_CONVERSION = YES;
				CLANG_WARN_NON_LITERAL_NULL_CONVERSION = YES;
				CLANG_WARN_OBJC_IMPLICIT_RETAIN_SELF = YES;
				CLANG_WARN_OBJC_LITERAL_CONVERSION = YES;
				CLANG_WARN_OBJC_ROOT_CLASS = YES_ERROR;
				CLANG_WARN_RANGE_LOOP_ANALYSIS = YES;
				CLANG_WARN_STRICT_PROTOTYPES = YES;
				CLANG_WARN_SUSPICIOUS_MOVE = YES;
				CLANG_WARN_UNREACHABLE_CODE = YES;
				CLANG_WARN__DUPLICATE_METHOD_MATCH = YES;
				"CODE_SIGN_IDENTITY[sdk=iphoneos*]" = "iPhone Developer";
				COPY_PHASE_STRIP = YES;
				ENABLE_NS_ASSERTIONS = NO;
				ENABLE_STRICT_OBJC_MSGSEND = YES;
				GCC_C_LANGUAGE_STANDARD = gnu99;
				GCC_NO_COMMON_BLOCKS = YES;
				GCC_WARN_64_TO_32_BIT_CONVERSION = YES;
				GCC_WARN_ABOUT_RETURN_TYPE = YES_ERROR;
				GCC_WARN_UNDECLARED_SELECTOR = YES;
				GCC_WARN_UNINITIALIZED_AUTOS = YES_AGGRESSIVE;
				GCC_WARN_UNUSED_FUNCTION = YES;
				GCC_WARN_UNUSED_VARIABLE = YES;
				IPHONEOS_DEPLOYMENT_TARGET = 9.0;
				LD_RUNPATH_SEARCH_PATHS = "/usr/lib/swift $(inherited)";
				LIBRARY_SEARCH_PATHS = (
					"\"$(TOOLCHAIN_DIR)/usr/lib/swift/$(PLATFORM_NAME)\"",
					"\"$(TOOLCHAIN_DIR)/usr/lib/swift-5.0/$(PLATFORM_NAME)\"",
					"\"$(inherited)\"",
				);
				MTL_ENABLE_DEBUG_INFO = NO;
				SDKROOT = iphoneos;
				VALIDATE_PRODUCT = YES;
			};
			name = Release;
		};
/* End XCBuildConfiguration section */

/* Begin XCConfigurationList section */
		00E357021AD99517003FC87E /* Build configuration list for PBXNativeTarget "alnativeTests" */ = {
			isa = XCConfigurationList;
			buildConfigurations = (
				00E356F61AD99517003FC87E /* Debug */,
				00E356F71AD99517003FC87E /* Release */,
			);
			defaultConfigurationIsVisible = 0;
			defaultConfigurationName = Release;
		};
		13B07F931A680F5B00A75B9A /* Build configuration list for PBXNativeTarget "alnative" */ = {
			isa = XCConfigurationList;
			buildConfigurations = (
				13B07F941A680F5B00A75B9A /* Debug */,
				13B07F951A680F5B00A75B9A /* Release */,
			);
			defaultConfigurationIsVisible = 0;
			defaultConfigurationName = Release;
		};
		2D02E4BA1E0B4A5E006451C7 /* Build configuration list for PBXNativeTarget "alnative-tvOS" */ = {
			isa = XCConfigurationList;
			buildConfigurations = (
				2D02E4971E0B4A5E006451C7 /* Debug */,
				2D02E4981E0B4A5E006451C7 /* Release */,
			);
			defaultConfigurationIsVisible = 0;
			defaultConfigurationName = Release;
		};
		2D02E4BB1E0B4A5E006451C7 /* Build configuration list for PBXNativeTarget "alnative-tvOSTests" */ = {
			isa = XCConfigurationList;
			buildConfigurations = (
				2D02E4991E0B4A5E006451C7 /* Debug */,
				2D02E49A1E0B4A5E006451C7 /* Release */,
			);
			defaultConfigurationIsVisible = 0;
			defaultConfigurationName = Release;
		};
		83CBB9FA1A601CBA00E9B192 /* Build configuration list for PBXProject "alnative" */ = {
			isa = XCConfigurationList;
			buildConfigurations = (
				83CBBA201A601CBA00E9B192 /* Debug */,
				83CBBA211A601CBA00E9B192 /* Release */,
			);
			defaultConfigurationIsVisible = 0;
			defaultConfigurationName = Release;
		};
/* End XCConfigurationList section */
	};
	rootObject = 83CBB9F71A601CBA00E9B192 /* Project object */;
}
